
Microsoft Visual Studio Solution File, Format Version 12.00
# Visual Studio 15
Project("{FAE04EC0-301F-11D3-BF4B-00C04F79EFBC}") = "BuildExtensions", "BuildExtensions\BuildExtensions.csproj", "{5D9EAEFC-4589-40FF-8255-15DF559456F3}"
EndProject
Project("{FAE04EC0-301F-11D3-BF4B-00C04F79EFBC}") = "build", "build\build.csproj", "{AE8F2C6A-5924-4982-B833-DCD69B9241DF}"
EndProject
Project("{FAE04EC0-301F-11D3-BF4B-00C04F79EFBC}") = "Common", "Common\Common.csproj", "{BAA3C39F-BC6D-4C02-A52A-976F991BC1F5}"
EndProject
Project("{FAE04EC0-301F-11D3-BF4B-00C04F79EFBC}") = "Common.Tests", "Common.Tests\Common.Tests.csproj", "{A15F42A4-0396-4032-8D02-8348872AB63C}"
EndProject
Project("{FAE04EC0-301F-11D3-BF4B-00C04F79EFBC}") = "Azure", "Azure\Azure.csproj", "{F0A54FCC-E277-489F-AC97-A4DA18C89DA9}"
EndProject
Project("{FAE04EC0-301F-11D3-BF4B-00C04F79EFBC}") = "Azure.Tests", "Azure.Tests\Azure.Tests.csproj", "{C8E69D33-38DC-4434-93F9-117800C4CCDE}"
EndProject
Project("{FAE04EC0-301F-11D3-BF4B-00C04F79EFBC}") = "AnsibleVault", "AnsibleVault\AnsibleVault.csproj", "{73ECE585-9AEB-4B2A-834B-E77D03A59DF9}"
EndProject
Project("{FAE04EC0-301F-11D3-BF4B-00C04F79EFBC}") = "AnsibleVault.Tests", "AnsibleVault.Tests\AnsibleVault.Tests.csproj", "{211921F5-68F5-4B91-8BB4-0A87C3788540}"
EndProject
Global
	GlobalSection(SolutionConfigurationPlatforms) = preSolution
		Debug|Any CPU = Debug|Any CPU
		Release|Any CPU = Release|Any CPU
		Debug|iPhoneSimulator = Debug|iPhoneSimulator
		Release|iPhoneSimulator = Release|iPhoneSimulator
		Debug|iPhone = Debug|iPhone
		Release|iPhone = Release|iPhone
	EndGlobalSection
	GlobalSection(ProjectConfigurationPlatforms) = postSolution
		{5D9EAEFC-4589-40FF-8255-15DF559456F3}.Debug|Any CPU.ActiveCfg = Debug|Any CPU
		{5D9EAEFC-4589-40FF-8255-15DF559456F3}.Debug|Any CPU.Build.0 = Debug|Any CPU
		{5D9EAEFC-4589-40FF-8255-15DF559456F3}.Release|Any CPU.ActiveCfg = Release|Any CPU
		{5D9EAEFC-4589-40FF-8255-15DF559456F3}.Release|Any CPU.Build.0 = Release|Any CPU
		{5D9EAEFC-4589-40FF-8255-15DF559456F3}.Debug|iPhoneSimulator.ActiveCfg = Debug|Any CPU
		{5D9EAEFC-4589-40FF-8255-15DF559456F3}.Debug|iPhoneSimulator.Build.0 = Debug|Any CPU
		{5D9EAEFC-4589-40FF-8255-15DF559456F3}.Release|iPhoneSimulator.ActiveCfg = Release|Any CPU
		{5D9EAEFC-4589-40FF-8255-15DF559456F3}.Release|iPhoneSimulator.Build.0 = Release|Any CPU
		{5D9EAEFC-4589-40FF-8255-15DF559456F3}.Debug|iPhone.ActiveCfg = Debug|Any CPU
		{5D9EAEFC-4589-40FF-8255-15DF559456F3}.Debug|iPhone.Build.0 = Debug|Any CPU
		{5D9EAEFC-4589-40FF-8255-15DF559456F3}.Release|iPhone.ActiveCfg = Release|Any CPU
		{5D9EAEFC-4589-40FF-8255-15DF559456F3}.Release|iPhone.Build.0 = Release|Any CPU
		{AE8F2C6A-5924-4982-B833-DCD69B9241DF}.Debug|Any CPU.ActiveCfg = Debug|Any CPU
		{AE8F2C6A-5924-4982-B833-DCD69B9241DF}.Release|Any CPU.ActiveCfg = Release|Any CPU
		{AE8F2C6A-5924-4982-B833-DCD69B9241DF}.Debug|iPhoneSimulator.ActiveCfg = Debug|Any CPU
		{AE8F2C6A-5924-4982-B833-DCD69B9241DF}.Debug|iPhoneSimulator.Build.0 = Debug|Any CPU
		{AE8F2C6A-5924-4982-B833-DCD69B9241DF}.Release|iPhoneSimulator.ActiveCfg = Release|Any CPU
		{AE8F2C6A-5924-4982-B833-DCD69B9241DF}.Release|iPhoneSimulator.Build.0 = Release|Any CPU
		{AE8F2C6A-5924-4982-B833-DCD69B9241DF}.Debug|iPhone.ActiveCfg = Debug|Any CPU
		{AE8F2C6A-5924-4982-B833-DCD69B9241DF}.Debug|iPhone.Build.0 = Debug|Any CPU
		{AE8F2C6A-5924-4982-B833-DCD69B9241DF}.Release|iPhone.ActiveCfg = Release|Any CPU
		{AE8F2C6A-5924-4982-B833-DCD69B9241DF}.Release|iPhone.Build.0 = Release|Any CPU
		{BAA3C39F-BC6D-4C02-A52A-976F991BC1F5}.Debug|Any CPU.ActiveCfg = Debug|Any CPU
		{BAA3C39F-BC6D-4C02-A52A-976F991BC1F5}.Debug|Any CPU.Build.0 = Debug|Any CPU
		{BAA3C39F-BC6D-4C02-A52A-976F991BC1F5}.Release|Any CPU.ActiveCfg = Release|Any CPU
		{BAA3C39F-BC6D-4C02-A52A-976F991BC1F5}.Release|Any CPU.Build.0 = Release|Any CPU
		{BAA3C39F-BC6D-4C02-A52A-976F991BC1F5}.Debug|iPhoneSimulator.ActiveCfg = Debug|Any CPU
		{BAA3C39F-BC6D-4C02-A52A-976F991BC1F5}.Debug|iPhoneSimulator.Build.0 = Debug|Any CPU
		{BAA3C39F-BC6D-4C02-A52A-976F991BC1F5}.Release|iPhoneSimulator.ActiveCfg = Release|Any CPU
		{BAA3C39F-BC6D-4C02-A52A-976F991BC1F5}.Release|iPhoneSimulator.Build.0 = Release|Any CPU
		{BAA3C39F-BC6D-4C02-A52A-976F991BC1F5}.Debug|iPhone.ActiveCfg = Debug|Any CPU
		{BAA3C39F-BC6D-4C02-A52A-976F991BC1F5}.Debug|iPhone.Build.0 = Debug|Any CPU
		{BAA3C39F-BC6D-4C02-A52A-976F991BC1F5}.Release|iPhone.ActiveCfg = Release|Any CPU
		{BAA3C39F-BC6D-4C02-A52A-976F991BC1F5}.Release|iPhone.Build.0 = Release|Any CPU
		{A15F42A4-0396-4032-8D02-8348872AB63C}.Debug|Any CPU.ActiveCfg = Debug|Any CPU
		{A15F42A4-0396-4032-8D02-8348872AB63C}.Debug|Any CPU.Build.0 = Debug|Any CPU
		{A15F42A4-0396-4032-8D02-8348872AB63C}.Release|Any CPU.ActiveCfg = Release|Any CPU
		{A15F42A4-0396-4032-8D02-8348872AB63C}.Release|Any CPU.Build.0 = Release|Any CPU
		{A15F42A4-0396-4032-8D02-8348872AB63C}.Debug|iPhoneSimulator.ActiveCfg = Debug|Any CPU
		{A15F42A4-0396-4032-8D02-8348872AB63C}.Debug|iPhoneSimulator.Build.0 = Debug|Any CPU
		{A15F42A4-0396-4032-8D02-8348872AB63C}.Release|iPhoneSimulator.ActiveCfg = Release|Any CPU
		{A15F42A4-0396-4032-8D02-8348872AB63C}.Release|iPhoneSimulator.Build.0 = Release|Any CPU
		{A15F42A4-0396-4032-8D02-8348872AB63C}.Debug|iPhone.ActiveCfg = Debug|Any CPU
		{A15F42A4-0396-4032-8D02-8348872AB63C}.Debug|iPhone.Build.0 = Debug|Any CPU
		{A15F42A4-0396-4032-8D02-8348872AB63C}.Release|iPhone.ActiveCfg = Release|Any CPU
		{A15F42A4-0396-4032-8D02-8348872AB63C}.Release|iPhone.Build.0 = Release|Any CPU
		{F0A54FCC-E277-489F-AC97-A4DA18C89DA9}.Debug|Any CPU.ActiveCfg = Debug|Any CPU
		{F0A54FCC-E277-489F-AC97-A4DA18C89DA9}.Debug|Any CPU.Build.0 = Debug|Any CPU
		{F0A54FCC-E277-489F-AC97-A4DA18C89DA9}.Release|Any CPU.ActiveCfg = Release|Any CPU
		{F0A54FCC-E277-489F-AC97-A4DA18C89DA9}.Release|Any CPU.Build.0 = Release|Any CPU
		{F0A54FCC-E277-489F-AC97-A4DA18C89DA9}.Debug|iPhoneSimulator.ActiveCfg = Debug|Any CPU
		{F0A54FCC-E277-489F-AC97-A4DA18C89DA9}.Debug|iPhoneSimulator.Build.0 = Debug|Any CPU
		{F0A54FCC-E277-489F-AC97-A4DA18C89DA9}.Release|iPhoneSimulator.ActiveCfg = Release|Any CPU
		{F0A54FCC-E277-489F-AC97-A4DA18C89DA9}.Release|iPhoneSimulator.Build.0 = Release|Any CPU
		{F0A54FCC-E277-489F-AC97-A4DA18C89DA9}.Debug|iPhone.ActiveCfg = Debug|Any CPU
		{F0A54FCC-E277-489F-AC97-A4DA18C89DA9}.Debug|iPhone.Build.0 = Debug|Any CPU
		{F0A54FCC-E277-489F-AC97-A4DA18C89DA9}.Release|iPhone.ActiveCfg = Release|Any CPU
		{F0A54FCC-E277-489F-AC97-A4DA18C89DA9}.Release|iPhone.Build.0 = Release|Any CPU
		{C8E69D33-38DC-4434-93F9-117800C4CCDE}.Debug|Any CPU.ActiveCfg = Debug|Any CPU
		{C8E69D33-38DC-4434-93F9-117800C4CCDE}.Debug|Any CPU.Build.0 = Debug|Any CPU
		{C8E69D33-38DC-4434-93F9-117800C4CCDE}.Release|Any CPU.ActiveCfg = Release|Any CPU
		{C8E69D33-38DC-4434-93F9-117800C4CCDE}.Release|Any CPU.Build.0 = Release|Any CPU
		{C8E69D33-38DC-4434-93F9-117800C4CCDE}.Debug|iPhoneSimulator.ActiveCfg = Debug|Any CPU
		{C8E69D33-38DC-4434-93F9-117800C4CCDE}.Debug|iPhoneSimulator.Build.0 = Debug|Any CPU
		{C8E69D33-38DC-4434-93F9-117800C4CCDE}.Release|iPhoneSimulator.ActiveCfg = Release|Any CPU
		{C8E69D33-38DC-4434-93F9-117800C4CCDE}.Release|iPhoneSimulator.Build.0 = Release|Any CPU
		{C8E69D33-38DC-4434-93F9-117800C4CCDE}.Debug|iPhone.ActiveCfg = Debug|Any CPU
		{C8E69D33-38DC-4434-93F9-117800C4CCDE}.Debug|iPhone.Build.0 = Debug|Any CPU
		{C8E69D33-38DC-4434-93F9-117800C4CCDE}.Release|iPhone.ActiveCfg = Release|Any CPU
		{C8E69D33-38DC-4434-93F9-117800C4CCDE}.Release|iPhone.Build.0 = Release|Any CPU
		{73ECE585-9AEB-4B2A-834B-E77D03A59DF9}.Debug|Any CPU.ActiveCfg = Debug|Any CPU
		{73ECE585-9AEB-4B2A-834B-E77D03A59DF9}.Debug|Any CPU.Build.0 = Debug|Any CPU
		{73ECE585-9AEB-4B2A-834B-E77D03A59DF9}.Release|Any CPU.ActiveCfg = Release|Any CPU
		{73ECE585-9AEB-4B2A-834B-E77D03A59DF9}.Release|Any CPU.Build.0 = Release|Any CPU
		{73ECE585-9AEB-4B2A-834B-E77D03A59DF9}.Debug|iPhoneSimulator.ActiveCfg = Debug|Any CPU
		{73ECE585-9AEB-4B2A-834B-E77D03A59DF9}.Debug|iPhoneSimulator.Build.0 = Debug|Any CPU
		{73ECE585-9AEB-4B2A-834B-E77D03A59DF9}.Release|iPhoneSimulator.ActiveCfg = Release|Any CPU
		{73ECE585-9AEB-4B2A-834B-E77D03A59DF9}.Release|iPhoneSimulator.Build.0 = Release|Any CPU
		{73ECE585-9AEB-4B2A-834B-E77D03A59DF9}.Debug|iPhone.ActiveCfg = Debug|Any CPU
		{73ECE585-9AEB-4B2A-834B-E77D03A59DF9}.Debug|iPhone.Build.0 = Debug|Any CPU
		{73ECE585-9AEB-4B2A-834B-E77D03A59DF9}.Release|iPhone.ActiveCfg = Release|Any CPU
		{73ECE585-9AEB-4B2A-834B-E77D03A59DF9}.Release|iPhone.Build.0 = Release|Any CPU
		{211921F5-68F5-4B91-8BB4-0A87C3788540}.Debug|Any CPU.ActiveCfg = Debug|Any CPU
		{211921F5-68F5-4B91-8BB4-0A87C3788540}.Debug|Any CPU.Build.0 = Debug|Any CPU
		{211921F5-68F5-4B91-8BB4-0A87C3788540}.Release|Any CPU.ActiveCfg = Release|Any CPU
		{211921F5-68F5-4B91-8BB4-0A87C3788540}.Release|Any CPU.Build.0 = Release|Any CPU
		{211921F5-68F5-4B91-8BB4-0A87C3788540}.Debug|iPhoneSimulator.ActiveCfg = Debug|Any CPU
		{211921F5-68F5-4B91-8BB4-0A87C3788540}.Debug|iPhoneSimulator.Build.0 = Debug|Any CPU
		{211921F5-68F5-4B91-8BB4-0A87C3788540}.Release|iPhoneSimulator.ActiveCfg = Release|Any CPU
		{211921F5-68F5-4B91-8BB4-0A87C3788540}.Release|iPhoneSimulator.Build.0 = Release|Any CPU
		{211921F5-68F5-4B91-8BB4-0A87C3788540}.Debug|iPhone.ActiveCfg = Debug|Any CPU
		{211921F5-68F5-4B91-8BB4-0A87C3788540}.Debug|iPhone.Build.0 = Debug|Any CPU
		{211921F5-68F5-4B91-8BB4-0A87C3788540}.Release|iPhone.ActiveCfg = Release|Any CPU
		{211921F5-68F5-4B91-8BB4-0A87C3788540}.Release|iPhone.Build.0 = Release|Any CPU
	EndGlobalSection
	GlobalSection(NestedProjects) = preSolution
	EndGlobalSection
EndGlobal
